<?xml version="1.0" encoding="utf-8"?>
<Project ToolsVersion="4.0" xmlns="http://schemas.microsoft.com/developer/msbuild/2003">
  <ItemGroup>
    <Filter Include="Source Files">
      <UniqueIdentifier>{4FC737F1-C7A5-4376-A066-2A32D752A2FF}</UniqueIdentifier>
      <Extensions>cpp;c;cc;cxx;c++;def;odl;idl;hpj;bat;asm;asmx</Extensions>
    </Filter>
    <Filter Include="PracticString">
      <UniqueIdentifier>{41ac9a70-1d9b-4743-abbe-a8114a1db839}</UniqueIdentifier>
    </Filter>
  </ItemGroup>
  <ItemGroup>
    <ClCompile Include="Source\SymbolEx.cpp">
      <Filter>Source Files</Filter>
    </ClCompile>
    <ClCompile Include="Source\PracticString\PracticString.cpp">
      <Filter>PracticString</Filter>
    </ClCompile>
  </ItemGroup>
  <ItemGroup>
    <Text Include="!notes.txt">
      <Filter>Source Files</Filter>
    </Text>
  </ItemGroup>
  <ItemGroup>
    <ClInclude Include="Source\PracticString\PracticString.h">
      <Filter>PracticString</Filter>
    </ClInclude>
  </ItemGroup>
  <ItemGroup>
    <Natvis Include="Source\PracticString\PracticString.natvis">
      <Filter>PracticString</Filter>
    </Natvis>
  </ItemGroup>
</Project>